
Microsoft Visual Studio Solution File, Format Version 12.00
# Visual Studio Version 16
VisualStudioVersion = 16.0.31729.503
MinimumVisualStudioVersion = 10.0.40219.1
Project("{8BC9CEB8-8B4A-11D0-8D11-00A0C91BC942}") = "Lecture9_1_Template", "Lecture9_1_Template\Lecture9_1_Template.vcxproj", "{EB0E1B1F-FFBA-4D24-BE43-86C8251B0FAC}"
EndProject
Project("{8BC9CEB8-8B4A-11D0-8D11-00A0C91BC942}") = "Lecture9_2_Variadic_Template", "Lecture9_2_Variadic_Template\Lecture9_2_Variadic_Template.vcxproj", "{64D0670E-F4B8-439E-9A74-FD23F3832846}"
EndProject
Project("{8BC9CEB8-8B4A-11D0-8D11-00A0C91BC942}") = "Lecture9_3_Template_Meta_Programming", "Lecture9_3_Template_Meta_Programming\Lecture9_3_Template_Meta_Programming.vcxproj", "{1392810F-3B3E-44E2-8861-99890486F1B1}"
EndProject
Project("{8BC9CEB8-8B4A-11D0-8D11-00A0C91BC942}") = "Lecture9_4_Template_Meta_Programming2", "Lecture9_4_Template_Meta_Programming2\Lecture9_4_Template_Meta_Programming2.vcxproj", "{664C89DB-22D5-473E-8363-7695D3C1E3B0}"
EndProject
Project("{8BC9CEB8-8B4A-11D0-8D11-00A0C91BC942}") = "Lecture10_1_STL_Vector_List_Deque", "Lecture10_1_STL_Vector_List_Deque\Lecture10_1_STL_Vector_List_Deque.vcxproj", "{D77CAF44-A4B5-4BD0-8F36-C38F36CE4A97}"
EndProject
Project("{8BC9CEB8-8B4A-11D0-8D11-00A0C91BC942}") = "Lecture10_2_STL_Set_Map_Unordered_Set_Unordered_Map", "Lecture10_2_STL_Set_Map_Unordered_Set_Unordered_Map\Lecture10_2_STL_Set_Map_Unordered_Set_Unordered_Map.vcxproj", "{B406ABFD-9CDB-4FE8-BC24-5769F3F52CDC}"
EndProject
Global
	GlobalSection(SolutionConfigurationPlatforms) = preSolution
		Debug|x64 = Debug|x64
		Debug|x86 = Debug|x86
		Release|x64 = Release|x64
		Release|x86 = Release|x86
	EndGlobalSection
	GlobalSection(ProjectConfigurationPlatforms) = postSolution
		{EB0E1B1F-FFBA-4D24-BE43-86C8251B0FAC}.Debug|x64.ActiveCfg = Debug|x64
		{EB0E1B1F-FFBA-4D24-BE43-86C8251B0FAC}.Debug|x64.Build.0 = Debug|x64
		{EB0E1B1F-FFBA-4D24-BE43-86C8251B0FAC}.Debug|x86.ActiveCfg = Debug|Win32
		{EB0E1B1F-FFBA-4D24-BE43-86C8251B0FAC}.Debug|x86.Build.0 = Debug|Win32
		{EB0E1B1F-FFBA-4D24-BE43-86C8251B0FAC}.Release|x64.ActiveCfg = Release|x64
		{EB0E1B1F-FFBA-4D24-BE43-86C8251B0FAC}.Release|x64.Build.0 = Release|x64
		{EB0E1B1F-FFBA-4D24-BE43-86C8251B0FAC}.Release|x86.ActiveCfg = Release|Win32
		{EB0E1B1F-FFBA-4D24-BE43-86C8251B0FAC}.Release|x86.Build.0 = Release|Win32
		{64D0670E-F4B8-439E-9A74-FD23F3832846}.Debug|x64.ActiveCfg = Debug|x64
		{64D0670E-F4B8-439E-9A74-FD23F3832846}.Debug|x64.Build.0 = Debug|x64
		{64D0670E-F4B8-439E-9A74-FD23F3832846}.Debug|x86.ActiveCfg = Debug|Win32
		{64D0670E-F4B8-439E-9A74-FD23F3832846}.Debug|x86.Build.0 = Debug|Win32
		{64D0670E-F4B8-439E-9A74-FD23F3832846}.Release|x64.ActiveCfg = Release|x64
		{64D0670E-F4B8-439E-9A74-FD23F3832846}.Release|x64.Build.0 = Release|x64
		{64D0670E-F4B8-439E-9A74-FD23F3832846}.Release|x86.ActiveCfg = Release|Win32
		{64D0670E-F4B8-439E-9A74-FD23F3832846}.Release|x86.Build.0 = Release|Win32
		{1392810F-3B3E-44E2-8861-99890486F1B1}.Debug|x64.ActiveCfg = Debug|x64
		{1392810F-3B3E-44E2-8861-99890486F1B1}.Debug|x64.Build.0 = Debug|x64
		{1392810F-3B3E-44E2-8861-99890486F1B1}.Debug|x86.ActiveCfg = Debug|Win32
		{1392810F-3B3E-44E2-8861-99890486F1B1}.Debug|x86.Build.0 = Debug|Win32
		{1392810F-3B3E-44E2-8861-99890486F1B1}.Release|x64.ActiveCfg = Release|x64
		{1392810F-3B3E-44E2-8861-99890486F1B1}.Release|x64.Build.0 = Release|x64
		{1392810F-3B3E-44E2-8861-99890486F1B1}.Release|x86.ActiveCfg = Release|Win32
		{1392810F-3B3E-44E2-8861-99890486F1B1}.Release|x86.Build.0 = Release|Win32
		{664C89DB-22D5-473E-8363-7695D3C1E3B0}.Debug|x64.ActiveCfg = Debug|x64
		{664C89DB-22D5-473E-8363-7695D3C1E3B0}.Debug|x64.Build.0 = Debug|x64
		{664C89DB-22D5-473E-8363-7695D3C1E3B0}.Debug|x86.ActiveCfg = Debug|Win32
		{664C89DB-22D5-473E-8363-7695D3C1E3B0}.Debug|x86.Build.0 = Debug|Win32
		{664C89DB-22D5-473E-8363-7695D3C1E3B0}.Release|x64.ActiveCfg = Release|x64
		{664C89DB-22D5-473E-8363-7695D3C1E3B0}.Release|x64.Build.0 = Release|x64
		{664C89DB-22D5-473E-8363-7695D3C1E3B0}.Release|x86.ActiveCfg = Release|Win32
		{664C89DB-22D5-473E-8363-7695D3C1E3B0}.Release|x86.Build.0 = Release|Win32
		{D77CAF44-A4B5-4BD0-8F36-C38F36CE4A97}.Debug|x64.ActiveCfg = Debug|x64
		{D77CAF44-A4B5-4BD0-8F36-C38F36CE4A97}.Debug|x64.Build.0 = Debug|x64
		{D77CAF44-A4B5-4BD0-8F36-C38F36CE4A97}.Debug|x86.ActiveCfg = Debug|Win32
		{D77CAF44-A4B5-4BD0-8F36-C38F36CE4A97}.Debug|x86.Build.0 = Debug|Win32
		{D77CAF44-A4B5-4BD0-8F36-C38F36CE4A97}.Release|x64.ActiveCfg = Release|x64
		{D77CAF44-A4B5-4BD0-8F36-C38F36CE4A97}.Release|x64.Build.0 = Release|x64
		{D77CAF44-A4B5-4BD0-8F36-C38F36CE4A97}.Release|x86.ActiveCfg = Release|Win32
		{D77CAF44-A4B5-4BD0-8F36-C38F36CE4A97}.Release|x86.Build.0 = Release|Win32
		{B406ABFD-9CDB-4FE8-BC24-5769F3F52CDC}.Debug|x64.ActiveCfg = Debug|x64
		{B406ABFD-9CDB-4FE8-BC24-5769F3F52CDC}.Debug|x64.Build.0 = Debug|x64
		{B406ABFD-9CDB-4FE8-BC24-5769F3F52CDC}.Debug|x86.ActiveCfg = Debug|Win32
		{B406ABFD-9CDB-4FE8-BC24-5769F3F52CDC}.Debug|x86.Build.0 = Debug|Win32
		{B406ABFD-9CDB-4FE8-BC24-5769F3F52CDC}.Release|x64.ActiveCfg = Release|x64
		{B406ABFD-9CDB-4FE8-BC24-5769F3F52CDC}.Release|x64.Build.0 = Release|x64
		{B406ABFD-9CDB-4FE8-BC24-5769F3F52CDC}.Release|x86.ActiveCfg = Release|Win32
		{B406ABFD-9CDB-4FE8-BC24-5769F3F52CDC}.Release|x86.Build.0 = Release|Win32
	EndGlobalSection
	GlobalSection(SolutionProperties) = preSolution
		HideSolutionNode = FALSE
	EndGlobalSection
	GlobalSection(ExtensibilityGlobals) = postSolution
		SolutionGuid = {6111B17E-FEB3-4EE7-83A3-F0A2D9102F79}
	EndGlobalSection
EndGlobal
